
Microsoft Visual Studio Solution File, Format Version 12.00
# Visual Studio 15
VisualStudioVersion = 15.0.26430.6
MinimumVisualStudioVersion = 10.0.40219.1
Project("{9A19103F-16F7-4668-BE54-9A1E7A4F7556}") = "Api.Client", "Api.Client\Api.Client.csproj", "{62581377-5C40-4E9A-A2DD-FE6E78DDDCE4}"
EndProject
Project("{9A19103F-16F7-4668-BE54-9A1E7A4F7556}") = "Api.Client.Tests", "Api.Client.Tests\Api.Client.Tests.csproj", "{EB715649-10E6-41DE-A7A6-CBB7D2052707}"
	ProjectSection(ProjectDependencies) = postProject
		{62581377-5C40-4E9A-A2DD-FE6E78DDDCE4} = {62581377-5C40-4E9A-A2DD-FE6E78DDDCE4}
	EndProjectSection
EndProject
Global
	GlobalSection(SolutionConfigurationPlatforms) = preSolution
		Debug|Any CPU = Debug|Any CPU
		Release|Any CPU = Release|Any CPU
	EndGlobalSection
	GlobalSection(ProjectConfigurationPlatforms) = postSolution
		{62581377-5C40-4E9A-A2DD-FE6E78DDDCE4}.Debug|Any CPU.ActiveCfg = Debug|Any CPU
		{62581377-5C40-4E9A-A2DD-FE6E78DDDCE4}.Debug|Any CPU.Build.0 = Debug|Any CPU
		{62581377-5C40-4E9A-A2DD-FE6E78DDDCE4}.Release|Any CPU.ActiveCfg = Release|Any CPU
		{62581377-5C40-4E9A-A2DD-FE6E78DDDCE4}.Release|Any CPU.Build.0 = Release|Any CPU
		{EB715649-10E6-41DE-A7A6-CBB7D2052707}.Debug|Any CPU.ActiveCfg = Debug|Any CPU
		{EB715649-10E6-41DE-A7A6-CBB7D2052707}.Debug|Any CPU.Build.0 = Debug|Any CPU
		{EB715649-10E6-41DE-A7A6-CBB7D2052707}.Release|Any CPU.ActiveCfg = Release|Any CPU
		{EB715649-10E6-41DE-A7A6-CBB7D2052707}.Release|Any CPU.Build.0 = Release|Any CPU
	EndGlobalSection
	GlobalSection(SolutionProperties) = preSolution
		HideSolutionNode = FALSE
	EndGlobalSection
EndGlobal
